{
  "name": "etchasketch",
  "version": "1.0.0",
  "lockfileVersion": 3,
  "requires": true,
  "packages": {
    "": {
      "name": "etchasketch",
      "version": "1.0.0",
      "license": "ISC",
      "dependencies": {
        "@jaames/iro": "^5.5.2",
        "requirejs": "^2.3.6"
      }
    },
    "node_modules/@irojs/iro-core": {
      "version": "1.2.1",
      "resolved": "https://registry.npmjs.org/@irojs/iro-core/-/iro-core-1.2.1.tgz",
      "integrity": "sha512-p2OvsBSSmidsDsTSkID6jEyXDF7lcyxPrkh3qBzasBZFpjkYd6kZ3yMWai3MlAaQ3F7li/Et7rSJVV09Fpei+A=="
    },
    "node_modules/@jaames/iro": {
      "version": "5.5.2",
      "resolved": "https://registry.npmjs.org/@jaames/iro/-/iro-5.5.2.tgz",
      "integrity": "sha512-Fbi5U4Vdkw6UsF+R3oMlPONqkvUDMkwzh+mX718gQsDFt3+1r1jvGsrfCbedmXAAy0WsjDHOrefK0BkDk99TQg==",
      "dependencies": {
        "@irojs/iro-core": "^1.2.1",
        "preact": "^10.0.0"
      }
    },
    "node_modules/preact": {
      "version": "10.11.3",
      "resolved": "https://registry.npmjs.org/preact/-/preact-10.11.3.tgz",
      "integrity": "sha512-eY93IVpod/zG3uMF22Unl8h9KkrcKIRs2EGar8hwLZZDU1lkjph303V9HZBwufh2s736U6VXuhD109LYqPoffg==",
      "funding": {
        "type": "opencollective",
        "url": "https://opencollective.com/preact"
      }
    },
    "node_modules/requirejs": {
      "version": "2.3.6",
      "resolved": "https://registry.npmjs.org/requirejs/-/requirejs-2.3.6.tgz",
      "integrity": "sha512-ipEzlWQe6RK3jkzikgCupiTbTvm4S0/CAU5GlgptkN5SO6F3u0UD0K18wy6ErDqiCyP4J4YYe1HuAShvsxePLg==",
      "bin": {
        "r_js": "bin/r.js",
        "r.js": "bin/r.js"
      },
      "engines": {
        "node": ">=0.4.0"
      }
    }
  }
}
